// !$*UTF8*$!
{
	archiveVersion = 1;
	classes = {
	};
	objectVersion = 55;
	objects = {

/* Begin PBXBuildFile section */
		67AE169328474D3F00C4A73F /* AppDelegate.swift in Sources */ = {isa = PBXBuildFile; fileRef = 67AE169228474D3F00C4A73F /* AppDelegate.swift */; };
		67AE169528474D3F00C4A73F /* SceneDelegate.swift in Sources */ = {isa = PBXBuildFile; fileRef = 67AE169428474D3F00C4A73F /* SceneDelegate.swift */; };
		67AE169A28474D3F00C4A73F /* Main.storyboard in Resources */ = {isa = PBXBuildFile; fileRef = 67AE169828474D3F00C4A73F /* Main.storyboard */; };
		67AE169C28474D4100C4A73F /* Assets.xcassets in Resources */ = {isa = PBXBuildFile; fileRef = 67AE169B28474D4100C4A73F /* Assets.xcassets */; };
		67AE169F28474D4100C4A73F /* LaunchScreen.storyboard in Resources */ = {isa = PBXBuildFile; fileRef = 67AE169D28474D4100C4A73F /* LaunchScreen.storyboard */; };
		67AE16AA28474D4100C4A73F /* ColorsAppTests.swift in Sources */ = {isa = PBXBuildFile; fileRef = 67AE16A928474D4100C4A73F /* ColorsAppTests.swift */; };
		67AE16B428474D4100C4A73F /* ColorsAppUITests.swift in Sources */ = {isa = PBXBuildFile; fileRef = 67AE16B328474D4100C4A73F /* ColorsAppUITests.swift */; };
		67AE16B628474D4100C4A73F /* ColorsAppUITestsLaunchTests.swift in Sources */ = {isa = PBXBuildFile; fileRef = 67AE16B528474D4100C4A73F /* ColorsAppUITestsLaunchTests.swift */; };
		67AE16C5284755AF00C4A73F /* ColorsListTableViewController.swift in Sources */ = {isa = PBXBuildFile; fileRef = 67AE16C4284755AF00C4A73F /* ColorsListTableViewController.swift */; };
		67AE16C7284758F100C4A73F /* SingleColorViewController.swift in Sources */ = {isa = PBXBuildFile; fileRef = 67AE16C6284758F100C4A73F /* SingleColorViewController.swift */; };
		67AE16C92847591A00C4A73F /* ColorTableViewCell.swift in Sources */ = {isa = PBXBuildFile; fileRef = 67AE16C82847591A00C4A73F /* ColorTableViewCell.swift */; };
		67AE16CB2847604E00C4A73F /* ColorsData.swift in Sources */ = {isa = PBXBuildFile; fileRef = 67AE16CA2847604E00C4A73F /* ColorsData.swift */; };
		67AE16CD28477C5200C4A73F /* Colors.swift in Sources */ = {isa = PBXBuildFile; fileRef = 67AE16CC28477C5200C4A73F /* Colors.swift */; };
		67AE16D1284781DB00C4A73F /* data.json in Resources */ = {isa = PBXBuildFile; fileRef = 67AE16D0284781DB00C4A73F /* data.json */; };
/* End PBXBuildFile section */

/* Begin PBXContainerItemProxy section */
		67AE16A628474D4100C4A73F /* PBXContainerItemProxy */ = {
			isa = PBXContainerItemProxy;
			containerPortal = 67AE168728474D3F00C4A73F /* Project object */;
			proxyType = 1;
			remoteGlobalIDString = 67AE168E28474D3F00C4A73F;
			remoteInfo = ColorsApp;
		};
		67AE16B028474D4100C4A73F /* PBXContainerItemProxy */ = {
			isa = PBXContainerItemProxy;
			containerPortal = 67AE168728474D3F00C4A73F /* Project object */;
			proxyType = 1;
			remoteGlobalIDString = 67AE168E28474D3F00C4A73F;
			remoteInfo = ColorsApp;
		};
/* End PBXContainerItemProxy section */

/* Begin PBXFileReference section */
		67AE168F28474D3F00C4A73F /* ColorsApp.app */ = {isa = PBXFileReference; explicitFileType = wrapper.application; includeInIndex = 0; path = ColorsApp.app; sourceTree = BUILT_PRODUCTS_DIR; };
		67AE169228474D3F00C4A73F /* AppDelegate.swift */ = {isa = PBXFileReference; lastKnownFileType = sourcecode.swift; path = AppDelegate.swift; sourceTree = "<group>"; };
		67AE169428474D3F00C4A73F /* SceneDelegate.swift */ = {isa = PBXFileReference; lastKnownFileType = sourcecode.swift; path = SceneDelegate.swift; sourceTree = "<group>"; };
		67AE169928474D3F00C4A73F /* Base */ = {isa = PBXFileReference; lastKnownFileType = file.storyboard; name = Base; path = Base.lproj/Main.storyboard; sourceTree = "<group>"; };
		67AE169B28474D4100C4A73F /* Assets.xcassets */ = {isa = PBXFileReference; lastKnownFileType = folder.assetcatalog; path = Assets.xcassets; sourceTree = "<group>"; };
		67AE169E28474D4100C4A73F /* Base */ = {isa = PBXFileReference; lastKnownFileType = file.storyboard; name = Base; path = Base.lproj/LaunchScreen.storyboard; sourceTree = "<group>"; };
		67AE16A028474D4100C4A73F /* Info.plist */ = {isa = PBXFileReference; lastKnownFileType = text.plist.xml; path = Info.plist; sourceTree = "<group>"; };
		67AE16A528474D4100C4A73F /* ColorsAppTests.xctest */ = {isa = PBXFileReference; explicitFileType = wrapper.cfbundle; includeInIndex = 0; path = ColorsAppTests.xctest; sourceTree = BUILT_PRODUCTS_DIR; };
		67AE16A928474D4100C4A73F /* ColorsAppTests.swift */ = {isa = PBXFileReference; lastKnownFileType = sourcecode.swift; path = ColorsAppTests.swift; sourceTree = "<group>"; };
		67AE16AF28474D4100C4A73F /* ColorsAppUITests.xctest */ = {isa = PBXFileReference; explicitFileType = wrapper.cfbundle; includeInIndex = 0; path = ColorsAppUITests.xctest; sourceTree = BUILT_PRODUCTS_DIR; };
		67AE16B328474D4100C4A73F /* ColorsAppUITests.swift */ = {isa = PBXFileReference; lastKnownFileType = sourcecode.swift; path = ColorsAppUITests.swift; sourceTree = "<group>"; };
		67AE16B528474D4100C4A73F /* ColorsAppUITestsLaunchTests.swift */ = {isa = PBXFileReference; lastKnownFileType = sourcecode.swift; path = ColorsAppUITestsLaunchTests.swift; sourceTree = "<group>"; };
		67AE16C4284755AF00C4A73F /* ColorsListTableViewController.swift */ = {isa = PBXFileReference; lastKnownFileType = sourcecode.swift; path = ColorsListTableViewController.swift; sourceTree = "<group>"; };
		67AE16C6284758F100C4A73F /* SingleColorViewController.swift */ = {isa = PBXFileReference; lastKnownFileType = sourcecode.swift; path = SingleColorViewController.swift; sourceTree = "<group>"; };
		67AE16C82847591A00C4A73F /* ColorTableViewCell.swift */ = {isa = PBXFileReference; lastKnownFileType = sourcecode.swift; path = ColorTableViewCell.swift; sourceTree = "<group>"; };
		67AE16CA2847604E00C4A73F /* ColorsData.swift */ = {isa = PBXFileReference; lastKnownFileType = sourcecode.swift; path = ColorsData.swift; sourceTree = "<group>"; };
		67AE16CC28477C5200C4A73F /* Colors.swift */ = {isa = PBXFileReference; lastKnownFileType = sourcecode.swift; path = Colors.swift; sourceTree = "<group>"; };
		67AE16D0284781DB00C4A73F /* data.json */ = {isa = PBXFileReference; lastKnownFileType = text.json; path = data.json; sourceTree = "<group>"; };
/* End PBXFileReference section */

/* Begin PBXFrameworksBuildPhase section */
		67AE168C28474D3F00C4A73F /* Frameworks */ = {
			isa = PBXFrameworksBuildPhase;
			buildActionMask = 2147483647;
			files = (
			);
			runOnlyForDeploymentPostprocessing = 0;
		};
		67AE16A228474D4100C4A73F /* Frameworks */ = {
			isa = PBXFrameworksBuildPhase;
			buildActionMask = 2147483647;
			files = (
			);
			runOnlyForDeploymentPostprocessing = 0;
		};
		67AE16AC28474D4100C4A73F /* Frameworks */ = {
			isa = PBXFrameworksBuildPhase;
			buildActionMask = 2147483647;
			files = (
			);
			runOnlyForDeploymentPostprocessing = 0;
		};
/* End PBXFrameworksBuildPhase section */

/* Begin PBXGroup section */
		67AE168628474D3F00C4A73F = {
			isa = PBXGroup;
			children = (
				67AE169128474D3F00C4A73F /* ColorsApp */,
				67AE16A828474D4100C4A73F /* ColorsAppTests */,
				67AE16B228474D4100C4A73F /* ColorsAppUITests */,
				67AE169028474D3F00C4A73F /* Products */,
			);
			sourceTree = "<group>";
		};
		67AE169028474D3F00C4A73F /* Products */ = {
			isa = PBXGroup;
			children = (
				67AE168F28474D3F00C4A73F /* ColorsApp.app */,
				67AE16A528474D4100C4A73F /* ColorsAppTests.xctest */,
				67AE16AF28474D4100C4A73F /* ColorsAppUITests.xctest */,
			);
			name = Products;
			sourceTree = "<group>";
		};
		67AE169128474D3F00C4A73F /* ColorsApp */ = {
			isa = PBXGroup;
			children = (
				67AE169828474D3F00C4A73F /* Main.storyboard */,
				67AE16C4284755AF00C4A73F /* ColorsListTableViewController.swift */,
				67AE16C6284758F100C4A73F /* SingleColorViewController.swift */,
				67AE16C82847591A00C4A73F /* ColorTableViewCell.swift */,
				67AE16CA2847604E00C4A73F /* ColorsData.swift */,
				67AE16CC28477C5200C4A73F /* Colors.swift */,
				67AE16D0284781DB00C4A73F /* data.json */,
				67AE169B28474D4100C4A73F /* Assets.xcassets */,
				67AE16A028474D4100C4A73F /* Info.plist */,
				67AE16C328474EEF00C4A73F /* Supporting Files */,
			);
			path = ColorsApp;
			sourceTree = "<group>";
		};
		67AE16A828474D4100C4A73F /* ColorsAppTests */ = {
			isa = PBXGroup;
			children = (
				67AE16A928474D4100C4A73F /* ColorsAppTests.swift */,
			);
			path = ColorsAppTests;
			sourceTree = "<group>";
		};
		67AE16B228474D4100C4A73F /* ColorsAppUITests */ = {
			isa = PBXGroup;
			children = (
				67AE16B328474D4100C4A73F /* ColorsAppUITests.swift */,
				67AE16B528474D4100C4A73F /* ColorsAppUITestsLaunchTests.swift */,
			);
			path = ColorsAppUITests;
			sourceTree = "<group>";
		};
		67AE16C328474EEF00C4A73F /* Supporting Files */ = {
			isa = PBXGroup;
			children = (
				67AE169228474D3F00C4A73F /* AppDelegate.swift */,
				67AE169428474D3F00C4A73F /* SceneDelegate.swift */,
				67AE169D28474D4100C4A73F /* LaunchScreen.storyboard */,
			);
			path = "Supporting Files";
			sourceTree = "<group>";
		};
/* End PBXGroup section */

/* Begin PBXNativeTarget section */
		67AE168E28474D3F00C4A73F /* ColorsApp */ = {
			isa = PBXNativeTarget;
			buildConfigurationList = 67AE16B928474D4100C4A73F /* Build configuration list for PBXNativeTarget "ColorsApp" */;
			buildPhases = (
				67AE168B28474D3F00C4A73F /* Sources */,
				67AE168C28474D3F00C4A73F /* Frameworks */,
				67AE168D28474D3F00C4A73F /* Resources */,
				67AE16C228474E6300C4A73F /* ShellScript */,
			);
			buildRules = (
			);
			dependencies = (
			);
			name = ColorsApp;
			productName = ColorsApp;
			productReference = 67AE168F28474D3F00C4A73F /* ColorsApp.app */;
			productType = "com.apple.product-type.application";
		};
		67AE16A428474D4100C4A73F /* ColorsAppTests */ = {
			isa = PBXNativeTarget;
			buildConfigurationList = 67AE16BC28474D4100C4A73F /* Build configuration list for PBXNativeTarget "ColorsAppTests" */;
			buildPhases = (
				67AE16A128474D4100C4A73F /* Sources */,
				67AE16A228474D4100C4A73F /* Frameworks */,
				67AE16A328474D4100C4A73F /* Resources */,
			);
			buildRules = (
			);
			dependencies = (
				67AE16A728474D4100C4A73F /* PBXTargetDependency */,
			);
			name = ColorsAppTests;
			productName = ColorsAppTests;
			productReference = 67AE16A528474D4100C4A73F /* ColorsAppTests.xctest */;
			productType = "com.apple.product-type.bundle.unit-test";
		};
		67AE16AE28474D4100C4A73F /* ColorsAppUITests */ = {
			isa = PBXNativeTarget;
			buildConfigurationList = 67AE16BF28474D4100C4A73F /* Build configuration list for PBXNativeTarget "ColorsAppUITests" */;
			buildPhases = (
				67AE16AB28474D4100C4A73F /* Sources */,
				67AE16AC28474D4100C4A73F /* Frameworks */,
				67AE16AD28474D4100C4A73F /* Resources */,
			);
			buildRules = (
			);
			dependencies = (
				67AE16B128474D4100C4A73F /* PBXTargetDependency */,
			);
			name = ColorsAppUITests;
			productName = ColorsAppUITests;
			productReference = 67AE16AF28474D4100C4A73F /* ColorsAppUITests.xctest */;
			productType = "com.apple.product-type.bundle.ui-testing";
		};
/* End PBXNativeTarget section */

/* Begin PBXProject section */
		67AE168728474D3F00C4A73F /* Project object */ = {
			isa = PBXProject;
			attributes = {
				BuildIndependentTargetsInParallel = 1;
				LastSwiftUpdateCheck = 1330;
				LastUpgradeCheck = 1330;
				TargetAttributes = {
					67AE168E28474D3F00C4A73F = {
						CreatedOnToolsVersion = 13.3;
					};
					67AE16A428474D4100C4A73F = {
						CreatedOnToolsVersion = 13.3;
						TestTargetID = 67AE168E28474D3F00C4A73F;
					};
					67AE16AE28474D4100C4A73F = {
						CreatedOnToolsVersion = 13.3;
						TestTargetID = 67AE168E28474D3F00C4A73F;
					};
				};
			};
			buildConfigurationList = 67AE168A28474D3F00C4A73F /* Build configuration list for PBXProject "ColorsApp" */;
			compatibilityVersion = "Xcode 13.0";
			developmentRegion = en;
			hasScannedForEncodings = 0;
			knownRegions = (
				en,
				Base,
			);
			mainGroup = 67AE168628474D3F00C4A73F;
			productRefGroup = 67AE169028474D3F00C4A73F /* Products */;
			projectDirPath = "";
			projectRoot = "";
			targets = (
				67AE168E28474D3F00C4A73F /* ColorsApp */,
				67AE16A428474D4100C4A73F /* ColorsAppTests */,
				67AE16AE28474D4100C4A73F /* ColorsAppUITests */,
			);
		};
/* End PBXProject section */

/* Begin PBXResourcesBuildPhase section */
		67AE168D28474D3F00C4A73F /* Resources */ = {
			isa = PBXResourcesBuildPhase;
			buildActionMask = 2147483647;
			files = (
				67AE169F28474D4100C4A73F /* LaunchScreen.storyboard in Resources */,
				67AE169C28474D4100C4A73F /* Assets.xcassets in Resources */,
				67AE169A28474D3F00C4A73F /* Main.storyboard in Resources */,
				67AE16D1284781DB00C4A73F /* data.json in Resources */,
			);
			runOnlyForDeploymentPostprocessing = 0;
		};
		67AE16A328474D4100C4A73F /* Resources */ = {
			isa = PBXResourcesBuildPhase;
			buildActionMask = 2147483647;
			files = (
			);
			runOnlyForDeploymentPostprocessing = 0;
		};
		67AE16AD28474D4100C4A73F /* Resources */ = {
			isa = PBXResourcesBuildPhase;
			buildActionMask = 2147483647;
			files = (
			);
			runOnlyForDeploymentPostprocessing = 0;
		};
/* End PBXResourcesBuildPhase section */

/* Begin PBXShellScriptBuildPhase section */
		67AE16C228474E6300C4A73F /* ShellScript */ = {
			isa = PBXShellScriptBuildPhase;
			buildActionMask = 2147483647;
			files = (
			);
			inputFileListPaths = (
			);
			inputPaths = (
			);
			outputFileListPaths = (
			);
			outputPaths = (
			);
			runOnlyForDeploymentPostprocessing = 0;
			shellPath = /bin/sh;
			shellScript = "bash\n    if which swiftlint >/dev/null; then\n        swiftlint lint --strict\n    else\n        echo \"warning: SwiftLint not installed, download from https://github.com/realm/SwiftLint\"\n        exit 1\n    fi\n";
		};
/* End PBXShellScriptBuildPhase section */

/* Begin PBXSourcesBuildPhase section */
		67AE168B28474D3F00C4A73F /* Sources */ = {
			isa = PBXSourcesBuildPhase;
			buildActionMask = 2147483647;
			files = (
				67AE16C92847591A00C4A73F /* ColorTableViewCell.swift in Sources */,
				67AE16CB2847604E00C4A73F /* ColorsData.swift in Sources */,
				67AE169328474D3F00C4A73F /* AppDelegate.swift in Sources */,
				67AE16CD28477C5200C4A73F /* Colors.swift in Sources */,
				67AE169528474D3F00C4A73F /* SceneDelegate.swift in Sources */,
				67AE16C7284758F100C4A73F /* SingleColorViewController.swift in Sources */,
				67AE16C5284755AF00C4A73F /* ColorsListTableViewController.swift in Sources */,
			);
			runOnlyForDeploymentPostprocessing = 0;
		};
		67AE16A128474D4100C4A73F /* Sources */ = {
			isa = PBXSourcesBuildPhase;
			buildActionMask = 2147483647;
			files = (
				67AE16AA28474D4100C4A73F /* ColorsAppTests.swift in Sources */,
			);
			runOnlyForDeploymentPostprocessing = 0;
		};
		67AE16AB28474D4100C4A73F /* Sources */ = {
			isa = PBXSourcesBuildPhase;
			buildActionMask = 2147483647;
			files = (
				67AE16B628474D4100C4A73F /* ColorsAppUITestsLaunchTests.swift in Sources */,
				67AE16B428474D4100C4A73F /* ColorsAppUITests.swift in Sources */,
			);
			runOnlyForDeploymentPostprocessing = 0;
		};
/* End PBXSourcesBuildPhase section */

/* Begin PBXTargetDependency section */
		67AE16A728474D4100C4A73F /* PBXTargetDependency */ = {
			isa = PBXTargetDependency;
			target = 67AE168E28474D3F00C4A73F /* ColorsApp */;
			targetProxy = 67AE16A628474D4100C4A73F /* PBXContainerItemProxy */;
		};
		67AE16B128474D4100C4A73F /* PBXTargetDependency */ = {
			isa = PBXTargetDependency;
			target = 67AE168E28474D3F00C4A73F /* ColorsApp */;
			targetProxy = 67AE16B028474D4100C4A73F /* PBXContainerItemProxy */;
		};
/* End PBXTargetDependency section */

/* Begin PBXVariantGroup section */
		67AE169828474D3F00C4A73F /* Main.storyboard */ = {
			isa = PBXVariantGroup;
			children = (
				67AE169928474D3F00C4A73F /* Base */,
			);
			name = Main.storyboard;
			sourceTree = "<group>";
		};
		67AE169D28474D4100C4A73F /* LaunchScreen.storyboard */ = {
			isa = PBXVariantGroup;
			children = (
				67AE169E28474D4100C4A73F /* Base */,
			);
			name = LaunchScreen.storyboard;
			sourceTree = "<group>";
		};
/* End PBXVariantGroup section */

/* Begin XCBuildConfiguration section */
		67AE16B728474D4100C4A73F /* Debug */ = {
			isa = XCBuildConfiguration;
			buildSettings = {
				ALWAYS_SEARCH_USER_PATHS = NO;
				CLANG_ANALYZER_NONNULL = YES;
				CLANG_ANALYZER_NUMBER_OBJECT_CONVERSION = YES_AGGRESSIVE;
				CLANG_CXX_LANGUAGE_STANDARD = "gnu++17";
				CLANG_ENABLE_MODULES = YES;
				CLANG_ENABLE_OBJC_ARC = YES;
				CLANG_ENABLE_OBJC_WEAK = YES;
				CLANG_WARN_BLOCK_CAPTURE_AUTORELEASING = YES;
				CLANG_WARN_BOOL_CONVERSION = YES;
				CLANG_WARN_COMMA = YES;
				CLANG_WARN_CONSTANT_CONVERSION = YES;
				CLANG_WARN_DEPRECATED_OBJC_IMPLEMENTATIONS = YES;
				CLANG_WARN_DIRECT_OBJC_ISA_USAGE = YES_ERROR;
				CLANG_WARN_DOCUMENTATION_COMMENTS = YES;
				CLANG_WARN_EMPTY_BODY = YES;
				CLANG_WARN_ENUM_CONVERSION = YES;
				CLANG_WARN_INFINITE_RECURSION = YES;
				CLANG_WARN_INT_CONVERSION = YES;
				CLANG_WARN_NON_LITERAL_NULL_CONVERSION = YES;
				CLANG_WARN_OBJC_IMPLICIT_RETAIN_SELF = YES;
				CLANG_WARN_OBJC_LITERAL_CONVERSION = YES;
				CLANG_WARN_OBJC_ROOT_CLASS = YES_ERROR;
				CLANG_WARN_QUOTED_INCLUDE_IN_FRAMEWORK_HEADER = YES;
				CLANG_WARN_RANGE_LOOP_ANALYSIS = YES;
				CLANG_WARN_STRICT_PROTOTYPES = YES;
				CLANG_WARN_SUSPICIOUS_MOVE = YES;
				CLANG_WARN_UNGUARDED_AVAILABILITY = YES_AGGRESSIVE;
				CLANG_WARN_UNREACHABLE_CODE = YES;
				CLANG_WARN__DUPLICATE_METHOD_MATCH = YES;
				COPY_PHASE_STRIP = NO;
				DEBUG_INFORMATION_FORMAT = dwarf;
				ENABLE_STRICT_OBJC_MSGSEND = YES;
				ENABLE_TESTABILITY = YES;
				GCC_C_LANGUAGE_STANDARD = gnu11;
				GCC_DYNAMIC_NO_PIC = NO;
				GCC_NO_COMMON_BLOCKS = YES;
				GCC_OPTIMIZATION_LEVEL = 0;
				GCC_PREPROCESSOR_DEFINITIONS = (
					"DEBUG=1",
					"$(inherited)",
				);
				GCC_WARN_64_TO_32_BIT_CONVERSION = YES;
				GCC_WARN_ABOUT_RETURN_TYPE = YES_ERROR;
				GCC_WARN_UNDECLARED_SELECTOR = YES;
				GCC_WARN_UNINITIALIZED_AUTOS = YES_AGGRESSIVE;
				GCC_WARN_UNUSED_FUNCTION = YES;
				GCC_WARN_UNUSED_VARIABLE = YES;
				IPHONEOS_DEPLOYMENT_TARGET = 15.4;
				MTL_ENABLE_DEBUG_INFO = INCLUDE_SOURCE;
				MTL_FAST_MATH = YES;
				ONLY_ACTIVE_ARCH = YES;
				SDKROOT = iphoneos;
				SWIFT_ACTIVE_COMPILATION_CONDITIONS = DEBUG;
				SWIFT_OPTIMIZATION_LEVEL = "-Onone";
			};
			name = Debug;
		};
		67AE16B828474D4100C4A73F /* Release */ = {
			isa = XCBuildConfiguration;
			buildSettings = {
				ALWAYS_SEARCH_USER_PATHS = NO;
				CLANG_ANALYZER_NONNULL = YES;
				CLANG_ANALYZER_NUMBER_OBJECT_CONVERSION = YES_AGGRESSIVE;
				CLANG_CXX_LANGUAGE_STANDARD = "gnu++17";
				CLANG_ENABLE_MODULES = YES;
				CLANG_ENABLE_OBJC_ARC = YES;
				CLANG_ENABLE_OBJC_WEAK = YES;
				CLANG_WARN_BLOCK_CAPTURE_AUTORELEASING = YES;
				CLANG_WARN_BOOL_CONVERSION = YES;
				CLANG_WARN_COMMA = YES;
				CLANG_WARN_CONSTANT_CONVERSION = YES;
				CLANG_WARN_DEPRECATED_OBJC_IMPLEMENTATIONS = YES;
				CLANG_WARN_DIRECT_OBJC_ISA_USAGE = YES_ERROR;
				CLANG_WARN_DOCUMENTATION_COMMENTS = YES;
				CLANG_WARN_EMPTY_BODY = YES;
				CLANG_WARN_ENUM_CONVERSION = YES;
				CLANG_WARN_INFINITE_RECURSION = YES;
				CLANG_WARN_INT_CONVERSION = YES;
				CLANG_WARN_NON_LITERAL_NULL_CONVERSION = YES;
				CLANG_WARN_OBJC_IMPLICIT_RETAIN_SELF = YES;
				CLANG_WARN_OBJC_LITERAL_CONVERSION = YES;
				CLANG_WARN_OBJC_ROOT_CLASS = YES_ERROR;
				CLANG_WARN_QUOTED_INCLUDE_IN_FRAMEWORK_HEADER = YES;
				CLANG_WARN_RANGE_LOOP_ANALYSIS = YES;
				CLANG_WARN_STRICT_PROTOTYPES = YES;
				CLANG_WARN_SUSPICIOUS_MOVE = YES;
				CLANG_WARN_UNGUARDED_AVAILABILITY = YES_AGGRESSIVE;
				CLANG_WARN_UNREACHABLE_CODE = YES;
				CLANG_WARN__DUPLICATE_METHOD_MATCH = YES;
				COPY_PHASE_STRIP = NO;
				DEBUG_INFORMATION_FORMAT = "dwarf-with-dsym";
				ENABLE_NS_ASSERTIONS = NO;
				ENABLE_STRICT_OBJC_MSGSEND = YES;
				GCC_C_LANGUAGE_STANDARD = gnu11;
				GCC_NO_COMMON_BLOCKS = YES;
				GCC_WARN_64_TO_32_BIT_CONVERSION = YES;
				GCC_WARN_ABOUT_RETURN_TYPE = YES_ERROR;
				GCC_WARN_UNDECLARED_SELECTOR = YES;
				GCC_WARN_UNINITIALIZED_AUTOS = YES_AGGRESSIVE;
				GCC_WARN_UNUSED_FUNCTION = YES;
				GCC_WARN_UNUSED_VARIABLE = YES;
				IPHONEOS_DEPLOYMENT_TARGET = 15.4;
				MTL_ENABLE_DEBUG_INFO = NO;
				MTL_FAST_MATH = YES;
				SDKROOT = iphoneos;
				SWIFT_COMPILATION_MODE = wholemodule;
				SWIFT_OPTIMIZATION_LEVEL = "-O";
				VALIDATE_PRODUCT = YES;
			};
			name = Release;
		};
		67AE16BA28474D4100C4A73F /* Debug */ = {
			isa = XCBuildConfiguration;
			buildSettings = {
				ASSETCATALOG_COMPILER_APPICON_NAME = AppIcon;
				ASSETCATALOG_COMPILER_GLOBAL_ACCENT_COLOR_NAME = AccentColor;
				CODE_SIGN_STYLE = Automatic;
				CURRENT_PROJECT_VERSION = 1;
				DEVELOPMENT_TEAM = 9KJK4KLN3F;
				GENERATE_INFOPLIST_FILE = YES;
				INFOPLIST_FILE = ColorsApp/Info.plist;
				INFOPLIST_KEY_UIApplicationSupportsIndirectInputEvents = YES;
				INFOPLIST_KEY_UILaunchStoryboardName = LaunchScreen;
				INFOPLIST_KEY_UIMainStoryboardFile = Main;
				INFOPLIST_KEY_UISupportedInterfaceOrientations_iPad = "UIInterfaceOrientationPortrait UIInterfaceOrientationPortraitUpsideDown UIInterfaceOrientationLandscapeLeft UIInterfaceOrientationLandscapeRight";
				INFOPLIST_KEY_UISupportedInterfaceOrientations_iPhone = "UIInterfaceOrientationPortrait UIInterfaceOrientationLandscapeLeft UIInterfaceOrientationLandscapeRight";
				LD_RUNPATH_SEARCH_PATHS = (
					"$(inherited)",
					"@executable_path/Frameworks",
				);
				MARKETING_VERSION = 1.0;
				PRODUCT_BUNDLE_IDENTIFIER = "Healthy-Practice.ColorsApp";
				PRODUCT_NAME = "$(TARGET_NAME)";
				SWIFT_EMIT_LOC_STRINGS = YES;
				SWIFT_VERSION = 5.0;
				TARGETED_DEVICE_FAMILY = "1,2";
			};
			name = Debug;
		};
		67AE16BB28474D4100C4A73F /* Release */ = {
			isa = XCBuildConfiguration;
			buildSettings = {
				ASSETCATALOG_COMPILER_APPICON_NAME = AppIcon;
				ASSETCATALOG_COMPILER_GLOBAL_ACCENT_COLOR_NAME = AccentColor;
				CODE_SIGN_STYLE = Automatic;
				CURRENT_PROJECT_VERSION = 1;
				DEVELOPMENT_TEAM = 9KJK4KLN3F;
				GENERATE_INFOPLIST_FILE = YES;
				INFOPLIST_FILE = ColorsApp/Info.plist;
				INFOPLIST_KEY_UIApplicationSupportsIndirectInputEvents = YES;
				INFOPLIST_KEY_UILaunchStoryboardName = LaunchScreen;
				INFOPLIST_KEY_UIMainStoryboardFile = Main;
				INFOPLIST_KEY_UISupportedInterfaceOrientations_iPad = "UIInterfaceOrientationPortrait UIInterfaceOrientationPortraitUpsideDown UIInterfaceOrientationLandscapeLeft UIInterfaceOrientationLandscapeRight";
				INFOPLIST_KEY_UISupportedInterfaceOrientations_iPhone = "UIInterfaceOrientationPortrait UIInterfaceOrientationLandscapeLeft UIInterfaceOrientationLandscapeRight";
				LD_RUNPATH_SEARCH_PATHS = (
					"$(inherited)",
					"@executable_path/Frameworks",
				);
				MARKETING_VERSION = 1.0;
				PRODUCT_BUNDLE_IDENTIFIER = "Healthy-Practice.ColorsApp";
				PRODUCT_NAME = "$(TARGET_NAME)";
				SWIFT_EMIT_LOC_STRINGS = YES;
				SWIFT_VERSION = 5.0;
				TARGETED_DEVICE_FAMILY = "1,2";
			};
			name = Release;
		};
		67AE16BD28474D4100C4A73F /* Debug */ = {
			isa = XCBuildConfiguration;
			buildSettings = {
				ALWAYS_EMBED_SWIFT_STANDARD_LIBRARIES = YES;
				BUNDLE_LOADER = "$(TEST_HOST)";
				CODE_SIGN_STYLE = Automatic;
				CURRENT_PROJECT_VERSION = 1;
				DEVELOPMENT_TEAM = 9KJK4KLN3F;
				GENERATE_INFOPLIST_FILE = YES;
				IPHONEOS_DEPLOYMENT_TARGET = 15.4;
				MARKETING_VERSION = 1.0;
				PRODUCT_BUNDLE_IDENTIFIER = "Healthy-Practice.ColorsAppTests";
				PRODUCT_NAME = "$(TARGET_NAME)";
				SWIFT_EMIT_LOC_STRINGS = NO;
				SWIFT_VERSION = 5.0;
				TARGETED_DEVICE_FAMILY = "1,2";
				TEST_HOST = "$(BUILT_PRODUCTS_DIR)/ColorsApp.app/ColorsApp";
			};
			name = Debug;
		};
		67AE16BE28474D4100C4A73F /* Release */ = {
			isa = XCBuildConfiguration;
			buildSettings = {
				ALWAYS_EMBED_SWIFT_STANDARD_LIBRARIES = YES;
				BUNDLE_LOADER = "$(TEST_HOST)";
				CODE_SIGN_STYLE = Automatic;
				CURRENT_PROJECT_VERSION = 1;
				DEVELOPMENT_TEAM = 9KJK4KLN3F;
				GENERATE_INFOPLIST_FILE = YES;
				IPHONEOS_DEPLOYMENT_TARGET = 15.4;
				MARKETING_VERSION = 1.0;
				PRODUCT_BUNDLE_IDENTIFIER = "Healthy-Practice.ColorsAppTests";
				PRODUCT_NAME = "$(TARGET_NAME)";
				SWIFT_EMIT_LOC_STRINGS = NO;
				SWIFT_VERSION = 5.0;
				TARGETED_DEVICE_FAMILY = "1,2";
				TEST_HOST = "$(BUILT_PRODUCTS_DIR)/ColorsApp.app/ColorsApp";
			};
			name = Release;
		};
		67AE16C028474D4100C4A73F /* Debug */ = {
			isa = XCBuildConfiguration;
			buildSettings = {
				ALWAYS_EMBED_SWIFT_STANDARD_LIBRARIES = YES;
				CODE_SIGN_STYLE = Automatic;
				CURRENT_PROJECT_VERSION = 1;
				DEVELOPMENT_TEAM = 9KJK4KLN3F;
				GENERATE_INFOPLIST_FILE = YES;
				MARKETING_VERSION = 1.0;
				PRODUCT_BUNDLE_IDENTIFIER = "Healthy-Practice.ColorsAppUITests";
				PRODUCT_NAME = "$(TARGET_NAME)";
				SWIFT_EMIT_LOC_STRINGS = NO;
				SWIFT_VERSION = 5.0;
				TARGETED_DEVICE_FAMILY = "1,2";
				TEST_TARGET_NAME = ColorsApp;
			};
			name = Debug;
		};
		67AE16C128474D4100C4A73F /* Release */ = {
			isa = XCBuildConfiguration;
			buildSettings = {
				ALWAYS_EMBED_SWIFT_STANDARD_LIBRARIES = YES;
				CODE_SIGN_STYLE = Automatic;
				CURRENT_PROJECT_VERSION = 1;
				DEVELOPMENT_TEAM = 9KJK4KLN3F;
				GENERATE_INFOPLIST_FILE = YES;
				MARKETING_VERSION = 1.0;
				PRODUCT_BUNDLE_IDENTIFIER = "Healthy-Practice.ColorsAppUITests";
				PRODUCT_NAME = "$(TARGET_NAME)";
				SWIFT_EMIT_LOC_STRINGS = NO;
				SWIFT_VERSION = 5.0;
				TARGETED_DEVICE_FAMILY = "1,2";
				TEST_TARGET_NAME = ColorsApp;
			};
			name = Release;
		};
/* End XCBuildConfiguration section */

/* Begin XCConfigurationList section */
		67AE168A28474D3F00C4A73F /* Build configuration list for PBXProject "ColorsApp" */ = {
			isa = XCConfigurationList;
			buildConfigurations = (
				67AE16B728474D4100C4A73F /* Debug */,
				67AE16B828474D4100C4A73F /* Release */,
			);
			defaultConfigurationIsVisible = 0;
			defaultConfigurationName = Release;
		};
		67AE16B928474D4100C4A73F /* Build configuration list for PBXNativeTarget "ColorsApp" */ = {
			isa = XCConfigurationList;
			buildConfigurations = (
				67AE16BA28474D4100C4A73F /* Debug */,
				67AE16BB28474D4100C4A73F /* Release */,
			);
			defaultConfigurationIsVisible = 0;
			defaultConfigurationName = Release;
		};
		67AE16BC28474D4100C4A73F /* Build configuration list for PBXNativeTarget "ColorsAppTests" */ = {
			isa = XCConfigurationList;
			buildConfigurations = (
				67AE16BD28474D4100C4A73F /* Debug */,
				67AE16BE28474D4100C4A73F /* Release */,
			);
			defaultConfigurationIsVisible = 0;
			defaultConfigurationName = Release;
		};
		67AE16BF28474D4100C4A73F /* Build configuration list for PBXNativeTarget "ColorsAppUITests" */ = {
			isa = XCConfigurationList;
			buildConfigurations = (
				67AE16C028474D4100C4A73F /* Debug */,
				67AE16C128474D4100C4A73F /* Release */,
			);
			defaultConfigurationIsVisible = 0;
			defaultConfigurationName = Release;
		};
/* End XCConfigurationList section */
	};
	rootObject = 67AE168728474D3F00C4A73F /* Project object */;
}
